Microsoft Visual Studio Solution File, Format Version 12.00
# Visual Studio Version 17
VisualStudioVersion = 17.5.2.0
MinimumVisualStudioVersion = 10.0.40219.1
Project("{FAE04EC0-301F-11D3-BF4B-00C04F79EFBC}") = "sala", "sala\sala.csproj", "{29CC510B-4801-5CC5-5270-51AA6200E1F5}"
EndProject
Global
	GlobalSection(SolutionConfigurationPlatforms) = preSolution
		Debug|Any CPU = Debug|Any CPU
		Release|Any CPU = Release|Any CPU
	EndGlobalSection
	GlobalSection(ProjectConfigurationPlatforms) = postSolution
		{29CC510B-4801-5CC5-5270-51AA6200E1F5}.Debug|Any CPU.ActiveCfg = Debug|Any CPU
		{29CC510B-4801-5CC5-5270-51AA6200E1F5}.Debug|Any CPU.Build.0 = Debug|Any CPU
		{29CC510B-4801-5CC5-5270-51AA6200E1F5}.Release|Any CPU.ActiveCfg = Release|Any CPU
		{29CC510B-4801-5CC5-5270-51AA6200E1F5}.Release|Any CPU.Build.0 = Release|Any CPU
	EndGlobalSection
	GlobalSection(SolutionProperties) = preSolution
		HideSolutionNode = FALSE
	EndGlobalSection
	GlobalSection(ExtensibilityGlobals) = postSolution
		SolutionGuid = {78553EB9-E73F-4376-8BF6-FD67B2D2F371}
	EndGlobalSection
EndGlobal
